<?xml version="1.0" encoding="UTF-8"?>
<CodeBlocks_project_file>
	<FileVersion major="1" minor="6"/>
	<Project>
		<Option title="amano"/>
		<Option makefile_is_custom="1"/>
		<Option compiler="clang"/>
		<Option virtualFolders="CMake Files\;CMake Files\..\;CMake Files\..\..\;CMake Files\..\..\..\;CMake Files\..\..\..\..\;CMake Files\..\..\..\..\..\;CMake Files\..\..\..\..\..\usr\;CMake Files\..\..\..\..\..\usr\local\;CMake Files\..\..\..\..\..\usr\local\Cellar\;CMake Files\..\..\..\..\..\usr\local\Cellar\opencv\;CMake Files\..\..\..\..\..\usr\local\Cellar\opencv\4.1.0_2\;CMake Files\..\..\..\..\..\usr\local\Cellar\opencv\4.1.0_2\lib\;CMake Files\..\..\..\..\..\usr\local\Cellar\opencv\4.1.0_2\lib\cmake\;CMake Files\..\..\..\..\..\usr\local\Cellar\opencv\4.1.0_2\lib\cmake\opencv4\;"/>
		<Build>
			<Target title="all">
				<Option working_dir="/Users/maybe/Workspace/amano/LPR-dump"/>
				<Option type="4"/>
				<MakeCommands>
					<Build command="/usr/bin/make -j4 -f &quot;/Users/maybe/Workspace/amano/LPR-dump/Makefile&quot;  VERBOSE=1 all"/>
					<CompileFile command="/usr/bin/make -j4 -f &quot;/Users/maybe/Workspace/amano/LPR-dump/Makefile&quot;  VERBOSE=1 &quot;$file&quot;"/>
					<Clean command="/usr/bin/make -j4 -f &quot;/Users/maybe/Workspace/amano/LPR-dump/Makefile&quot;  VERBOSE=1 clean"/>
					<DistClean command="/usr/bin/make -j4 -f &quot;/Users/maybe/Workspace/amano/LPR-dump/Makefile&quot;  VERBOSE=1 clean"/>
				</MakeCommands>
			</Target>
			<Target title="rebuild_cache">
				<Option working_dir="/Users/maybe/Workspace/amano/LPR-dump"/>
				<Option type="4"/>
				<MakeCommands>
					<Build command="/usr/bin/make -j4 -f &quot;/Users/maybe/Workspace/amano/LPR-dump/Makefile&quot;  VERBOSE=1 rebuild_cache"/>
					<CompileFile command="/usr/bin/make -j4 -f &quot;/Users/maybe/Workspace/amano/LPR-dump/Makefile&quot;  VERBOSE=1 &quot;$file&quot;"/>
					<Clean command="/usr/bin/make -j4 -f &quot;/Users/maybe/Workspace/amano/LPR-dump/Makefile&quot;  VERBOSE=1 clean"/>
					<DistClean command="/usr/bin/make -j4 -f &quot;/Users/maybe/Workspace/amano/LPR-dump/Makefile&quot;  VERBOSE=1 clean"/>
				</MakeCommands>
			</Target>
			<Target title="edit_cache">
				<Option working_dir="/Users/maybe/Workspace/amano/LPR-dump"/>
				<Option type="4"/>
				<MakeCommands>
					<Build command="/usr/bin/make -j4 -f &quot;/Users/maybe/Workspace/amano/LPR-dump/Makefile&quot;  VERBOSE=1 edit_cache"/>
					<CompileFile command="/usr/bin/make -j4 -f &quot;/Users/maybe/Workspace/amano/LPR-dump/Makefile&quot;  VERBOSE=1 &quot;$file&quot;"/>
					<Clean command="/usr/bin/make -j4 -f &quot;/Users/maybe/Workspace/amano/LPR-dump/Makefile&quot;  VERBOSE=1 clean"/>
					<DistClean command="/usr/bin/make -j4 -f &quot;/Users/maybe/Workspace/amano/LPR-dump/Makefile&quot;  VERBOSE=1 clean"/>
				</MakeCommands>
			</Target>
			<Target title="test">
				<Option working_dir="/Users/maybe/Workspace/amano/LPR-dump"/>
				<Option type="4"/>
				<MakeCommands>
					<Build command="/usr/bin/make -j4 -f &quot;/Users/maybe/Workspace/amano/LPR-dump/Makefile&quot;  VERBOSE=1 test"/>
					<CompileFile command="/usr/bin/make -j4 -f &quot;/Users/maybe/Workspace/amano/LPR-dump/Makefile&quot;  VERBOSE=1 &quot;$file&quot;"/>
					<Clean command="/usr/bin/make -j4 -f &quot;/Users/maybe/Workspace/amano/LPR-dump/Makefile&quot;  VERBOSE=1 clean"/>
					<DistClean command="/usr/bin/make -j4 -f &quot;/Users/maybe/Workspace/amano/LPR-dump/Makefile&quot;  VERBOSE=1 clean"/>
				</MakeCommands>
			</Target>
			<Target title="LPR-visualize">
				<Option output="/Users/maybe/Workspace/amano/LPR-dump/LPR-visualize" prefix_auto="0" extension_auto="0"/>
				<Option working_dir="/Users/maybe/Workspace/amano/LPR-dump"/>
				<Option object_output="./"/>
				<Option type="1"/>
				<Option compiler="clang"/>
				<Compiler>
					<Add option="-DAPPLE"/>
					<Add directory="/Users/maybe/Workspace/amano/LPR-dump/."/>
					<Add directory="/usr/local/Cellar/opencv/4.1.0_2/include/opencv4"/>
					<Add directory="/Applications/Xcode.app/Contents/Developer/Toolchains/XcodeDefault.xctoolchain/usr/bin/../include/c++/v1"/>
					<Add directory="/usr/local/include"/>
					<Add directory="/Applications/Xcode.app/Contents/Developer/Toolchains/XcodeDefault.xctoolchain/usr/lib/clang/11.0.0/include"/>
					<Add directory="/Applications/Xcode.app/Contents/Developer/Toolchains/XcodeDefault.xctoolchain/usr/include"/>
					<Add directory="/System/Library/Frameworks"/>
					<Add directory="/Library/Frameworks"/>
				</Compiler>
				<MakeCommands>
					<Build command="/usr/bin/make -j4 -f &quot;/Users/maybe/Workspace/amano/LPR-dump/Makefile&quot;  VERBOSE=1 LPR-visualize"/>
					<CompileFile command="/usr/bin/make -j4 -f &quot;/Users/maybe/Workspace/amano/LPR-dump/Makefile&quot;  VERBOSE=1 &quot;$file&quot;"/>
					<Clean command="/usr/bin/make -j4 -f &quot;/Users/maybe/Workspace/amano/LPR-dump/Makefile&quot;  VERBOSE=1 clean"/>
					<DistClean command="/usr/bin/make -j4 -f &quot;/Users/maybe/Workspace/amano/LPR-dump/Makefile&quot;  VERBOSE=1 clean"/>
				</MakeCommands>
			</Target>
			<Target title="LPR-visualize/fast">
				<Option output="/Users/maybe/Workspace/amano/LPR-dump/LPR-visualize" prefix_auto="0" extension_auto="0"/>
				<Option working_dir="/Users/maybe/Workspace/amano/LPR-dump"/>
				<Option object_output="./"/>
				<Option type="1"/>
				<Option compiler="clang"/>
				<Compiler>
					<Add option="-DAPPLE"/>
					<Add directory="/Users/maybe/Workspace/amano/LPR-dump/."/>
					<Add directory="/usr/local/Cellar/opencv/4.1.0_2/include/opencv4"/>
					<Add directory="/Applications/Xcode.app/Contents/Developer/Toolchains/XcodeDefault.xctoolchain/usr/bin/../include/c++/v1"/>
					<Add directory="/usr/local/include"/>
					<Add directory="/Applications/Xcode.app/Contents/Developer/Toolchains/XcodeDefault.xctoolchain/usr/lib/clang/11.0.0/include"/>
					<Add directory="/Applications/Xcode.app/Contents/Developer/Toolchains/XcodeDefault.xctoolchain/usr/include"/>
					<Add directory="/System/Library/Frameworks"/>
					<Add directory="/Library/Frameworks"/>
				</Compiler>
				<MakeCommands>
					<Build command="/usr/bin/make -j4 -f &quot;/Users/maybe/Workspace/amano/LPR-dump/Makefile&quot;  VERBOSE=1 LPR-visualize/fast"/>
					<CompileFile command="/usr/bin/make -j4 -f &quot;/Users/maybe/Workspace/amano/LPR-dump/Makefile&quot;  VERBOSE=1 &quot;$file&quot;"/>
					<Clean command="/usr/bin/make -j4 -f &quot;/Users/maybe/Workspace/amano/LPR-dump/Makefile&quot;  VERBOSE=1 clean"/>
					<DistClean command="/usr/bin/make -j4 -f &quot;/Users/maybe/Workspace/amano/LPR-dump/Makefile&quot;  VERBOSE=1 clean"/>
				</MakeCommands>
			</Target>
		</Build>
		<Unit filename="/Users/maybe/Workspace/amano/LPR-dump/lib/calib.h">
			<Option target="LPR-visualize"/>
		</Unit>
		<Unit filename="/Users/maybe/Workspace/amano/LPR-dump/lib/slider.h">
			<Option target="LPR-visualize"/>
		</Unit>
		<Unit filename="/Users/maybe/Workspace/amano/LPR-dump/lib/utility.h">
			<Option target="LPR-visualize"/>
		</Unit>
		<Unit filename="/Users/maybe/Workspace/amano/LPR-dump/lib/warp.h">
			<Option target="LPR-visualize"/>
		</Unit>
		<Unit filename="/Users/maybe/Workspace/amano/LPR-dump/main.cc">
			<Option target="LPR-visualize"/>
		</Unit>
		<Unit filename="/Users/maybe/Workspace/amano/LPR-dump/CMakeLists.txt">
			<Option virtualFolder="CMake Files\"/>
		</Unit>
		<Unit filename="/Users/maybe/Workspace/amano/LPR-dump/../../../../../usr/local/Cellar/opencv/4.1.0_2/lib/cmake/opencv4/OpenCVConfig-version.cmake">
			<Option virtualFolder="CMake Files\..\..\..\..\..\usr\local\Cellar\opencv\4.1.0_2\lib\cmake\opencv4\"/>
		</Unit>
		<Unit filename="/Users/maybe/Workspace/amano/LPR-dump/../../../../../usr/local/Cellar/opencv/4.1.0_2/lib/cmake/opencv4/OpenCVConfig.cmake">
			<Option virtualFolder="CMake Files\..\..\..\..\..\usr\local\Cellar\opencv\4.1.0_2\lib\cmake\opencv4\"/>
		</Unit>
		<Unit filename="/Users/maybe/Workspace/amano/LPR-dump/../../../../../usr/local/Cellar/opencv/4.1.0_2/lib/cmake/opencv4/OpenCVModules-release.cmake">
			<Option virtualFolder="CMake Files\..\..\..\..\..\usr\local\Cellar\opencv\4.1.0_2\lib\cmake\opencv4\"/>
		</Unit>
		<Unit filename="/Users/maybe/Workspace/amano/LPR-dump/../../../../../usr/local/Cellar/opencv/4.1.0_2/lib/cmake/opencv4/OpenCVModules.cmake">
			<Option virtualFolder="CMake Files\..\..\..\..\..\usr\local\Cellar\opencv\4.1.0_2\lib\cmake\opencv4\"/>
		</Unit>
	</Project>
</CodeBlocks_project_file>
